
Microsoft Visual Studio Solution File, Format Version 12.00
# Visual Studio Version 17
VisualStudioVersion = 17.4.33213.308
MinimumVisualStudioVersion = 10.0.40219.1
Project("{FAE04EC0-301F-11D3-BF4B-00C04F79EFBC}") = "Rock-Paper-Scissors", "Rock-Paper-Scissors\Rock-Paper-Scissors.csproj", "{4A13DA7D-65B4-4BCE-86A4-347F8B2C2334}"
EndProject
Global
	GlobalSection(SolutionConfigurationPlatforms) = preSolution
		Debug|Any CPU = Debug|Any CPU
		Release|Any CPU = Release|Any CPU
	EndGlobalSection
	GlobalSection(ProjectConfigurationPlatforms) = postSolution
		{4A13DA7D-65B4-4BCE-86A4-347F8B2C2334}.Debug|Any CPU.ActiveCfg = Debug|Any CPU
		{4A13DA7D-65B4-4BCE-86A4-347F8B2C2334}.Debug|Any CPU.Build.0 = Debug|Any CPU
		{4A13DA7D-65B4-4BCE-86A4-347F8B2C2334}.Release|Any CPU.ActiveCfg = Release|Any CPU
		{4A13DA7D-65B4-4BCE-86A4-347F8B2C2334}.Release|Any CPU.Build.0 = Release|Any CPU
	EndGlobalSection
	GlobalSection(SolutionProperties) = preSolution
		HideSolutionNode = FALSE
	EndGlobalSection
	GlobalSection(ExtensibilityGlobals) = postSolution
		SolutionGuid = {73138EC0-213C-4227-A6D8-3C7EF509B3FD}
	EndGlobalSection
EndGlobal
